{
  "nodes": {
    "nixpkgs": {
      "locked": {
        "lastModified": 1779680755,
        "narHash": "sha256-503ZC26m2nDmshaBMC3/d/f6iaCcE1BsGgLqmVkVNz0=",
        "owner": "nixos",
        "repo": "nixpkgs",
        "rev": "eecdebfeeeeeacb21dded6fca9f42222c0e986fe",
        "type": "github"
      },
      "original": {
        "owner": "nixos",
        "repo": "nixpkgs",
        "type": "github"
      }
    },
    "root": {
      "inputs": {
        "nixpkgs": "nixpkgs"
      }
    }
  },
  "root": "root",
  "version": 7
}
