{
  "nodes": {
    "nixpkgs": {
      "locked": {
        "lastModified": 1788046979,
        "narHash": "sha256-SB/ZJ9GNTYBphRn0fkrMBSekYFyn4iUqA1/5Xmzz3Wc=",
        "owner": "nixos",
        "repo": "nixpkgs",
        "rev": "7ef9edb0c2c9d067250a2415c4181015c5fca01b",
        "type": "github"
      },
      "original": {
        "owner": "nixos",
        "repo": "nixpkgs",
        "type": "github"
      }
    },
    "root": {
      "inputs": {
        "nixpkgs": "nixpkgs"
      }
    }
  },
  "root": "root",
  "version": 7
}
